# This is an Anaconda project lock file.
# The lock file locks down exact versions of all your dependencies.
#
# In most cases, this file is automatically maintained by the `anaconda-project` command or GUI tools.
# It's best to keep this file in revision control (such as git or svn).
# The file is in YAML format, please see http://www.yaml.org/start.html for more.
#

#
# Set to false to ignore locked versions.
locking_enabled: true



#
# A key goes in here for each env spec.
#
env_specs:
  anaconda44_py36:
    locked: true
    env_spec_hash: 7cbf8dd00fc6b63a28fd7a02d267e99a235cc820
    platforms:
    - linux-64
    - osx-64
    - win-64
    packages:
      all:
      - certifi=2018.8.24=py36_1
      - pip=10.0.1=py36_0
      - setuptools=40.4.3=py36_0
      - wheel=0.32.1=py36_0
      unix:
      - ca-certificates=2018.03.07=0
      linux-64:
      - libedit=3.1.20170329=h6b74fdf_2
      - libffi=3.2.1=hd88cf55_4
      - libgcc-ng=8.2.0=hdf63c60_1
      - libstdcxx-ng=8.2.0=hdf63c60_1
      - ncurses=6.1=hf484d3e_0
      - openssl=1.0.2p=h14c3975_0
      - python=3.6.6=h6e4f718_2
      - readline=7.0=h7b6447c_5
      - sqlite=3.25.2=h7b6447c_0
      - tk=8.6.8=hbc83047_0
      - xz=5.2.4=h14c3975_4
      - zlib=1.2.11=ha838bed_2
      osx-64:
      - libcxx=4.0.1=h579ed51_0
      - libcxxabi=4.0.1=hebd6815_0
      - libedit=3.1.20170329=hb402a30_2
      - libffi=3.2.1=h475c297_4
      - ncurses=6.1=h0a44026_0
      - openssl=1.0.2p=h1de35cc_0
      - python=3.6.6=hc167b69_0
      - readline=7.0=h1de35cc_5
      - sqlite=3.25.2=ha441bb4_0
      - tk=8.6.8=ha441bb4_0
      - xz=5.2.4=h1de35cc_4
      - zlib=1.2.11=hf3cbc9b_2
      win-64:
      - python=3.6.6=hea74fb7_0
      - vc=14.1=h0510ff6_4
      - vs2015_runtime=14.15.26706=h3a45250_0
      - wincertstore=0.2=py36h7fe50ca_0
